
Microsoft Visual Studio Solution File, Format Version 12.00
# Visual Studio 15
VisualStudioVersion = 15.0.28010.2048
MinimumVisualStudioVersion = 10.0.40219.1
Project("{FAE04EC0-301F-11D3-BF4B-00C04F79EFBC}") = "hww", "hww\hww.csproj", "{635FB4E8-FFAC-43E9-8AD9-A290A6339147}"
EndProject
Global
	GlobalSection(SolutionConfigurationPlatforms) = preSolution
		Debug|Any CPU = Debug|Any CPU
		Release|Any CPU = Release|Any CPU
	EndGlobalSection
	GlobalSection(ProjectConfigurationPlatforms) = postSolution
		{635FB4E8-FFAC-43E9-8AD9-A290A6339147}.Debug|Any CPU.ActiveCfg = Debug|Any CPU
		{635FB4E8-FFAC-43E9-8AD9-A290A6339147}.Debug|Any CPU.Build.0 = Debug|Any CPU
		{635FB4E8-FFAC-43E9-8AD9-A290A6339147}.Release|Any CPU.ActiveCfg = Release|Any CPU
		{635FB4E8-FFAC-43E9-8AD9-A290A6339147}.Release|Any CPU.Build.0 = Release|Any CPU
	EndGlobalSection
	GlobalSection(SolutionProperties) = preSolution
		HideSolutionNode = FALSE
	EndGlobalSection
	GlobalSection(ExtensibilityGlobals) = postSolution
		SolutionGuid = {87E9F105-B67F-4EEE-910D-9293A0370B94}
	EndGlobalSection
EndGlobal
